
Microsoft Visual Studio Solution File, Format Version 12.00
# Visual Studio Version 17
VisualStudioVersion = 17.10.35027.167
MinimumVisualStudioVersion = 10.0.40219.1
Project("{9A19103F-16F7-4668-BE54-9A1E7A4F7556}") = "WebApplication1", "WebApplication1\WebApplication1.csproj", "{6FA1C366-7569-4811-85D4-C6B4C6E7E5B6}"
EndProject
Project("{9A19103F-16F7-4668-BE54-9A1E7A4F7556}") = "DAL", "DAL\DAL.csproj", "{6D6F0068-EAB2-4CC5-ACEB-429434BCE5B1}"
EndProject
Project("{9A19103F-16F7-4668-BE54-9A1E7A4F7556}") = "BL", "BL\BL.csproj", "{4EC87AED-AC9D-48A7-AE0B-A2829A9B2F72}"
EndProject
Project("{9A19103F-16F7-4668-BE54-9A1E7A4F7556}") = "IDAL", "IDAL\IDAL.csproj", "{D42C809E-B7F2-494E-A8B7-F2FB652F45F1}"
EndProject
Project("{9A19103F-16F7-4668-BE54-9A1E7A4F7556}") = "IBL", "IBL\IBL.csproj", "{A27AAEFC-A63D-4D05-A96D-0E178D97E8B0}"
EndProject
Project("{9A19103F-16F7-4668-BE54-9A1E7A4F7556}") = "Accessories", "Accessories\Accessories.csproj", "{205DAF4E-2D0E-4526-8FC9-84041377E995}"
EndProject
Global
	GlobalSection(SolutionConfigurationPlatforms) = preSolution
		Debug|Any CPU = Debug|Any CPU
		Release|Any CPU = Release|Any CPU
	EndGlobalSection
	GlobalSection(ProjectConfigurationPlatforms) = postSolution
		{6FA1C366-7569-4811-85D4-C6B4C6E7E5B6}.Debug|Any CPU.ActiveCfg = Debug|Any CPU
		{6FA1C366-7569-4811-85D4-C6B4C6E7E5B6}.Debug|Any CPU.Build.0 = Debug|Any CPU
		{6FA1C366-7569-4811-85D4-C6B4C6E7E5B6}.Release|Any CPU.ActiveCfg = Release|Any CPU
		{6FA1C366-7569-4811-85D4-C6B4C6E7E5B6}.Release|Any CPU.Build.0 = Release|Any CPU
		{6D6F0068-EAB2-4CC5-ACEB-429434BCE5B1}.Debug|Any CPU.ActiveCfg = Debug|Any CPU
		{6D6F0068-EAB2-4CC5-ACEB-429434BCE5B1}.Debug|Any CPU.Build.0 = Debug|Any CPU
		{6D6F0068-EAB2-4CC5-ACEB-429434BCE5B1}.Release|Any CPU.ActiveCfg = Release|Any CPU
		{6D6F0068-EAB2-4CC5-ACEB-429434BCE5B1}.Release|Any CPU.Build.0 = Release|Any CPU
		{4EC87AED-AC9D-48A7-AE0B-A2829A9B2F72}.Debug|Any CPU.ActiveCfg = Debug|Any CPU
		{4EC87AED-AC9D-48A7-AE0B-A2829A9B2F72}.Debug|Any CPU.Build.0 = Debug|Any CPU
		{4EC87AED-AC9D-48A7-AE0B-A2829A9B2F72}.Release|Any CPU.ActiveCfg = Release|Any CPU
		{4EC87AED-AC9D-48A7-AE0B-A2829A9B2F72}.Release|Any CPU.Build.0 = Release|Any CPU
		{D42C809E-B7F2-494E-A8B7-F2FB652F45F1}.Debug|Any CPU.ActiveCfg = Debug|Any CPU
		{D42C809E-B7F2-494E-A8B7-F2FB652F45F1}.Debug|Any CPU.Build.0 = Debug|Any CPU
		{D42C809E-B7F2-494E-A8B7-F2FB652F45F1}.Release|Any CPU.ActiveCfg = Release|Any CPU
		{D42C809E-B7F2-494E-A8B7-F2FB652F45F1}.Release|Any CPU.Build.0 = Release|Any CPU
		{A27AAEFC-A63D-4D05-A96D-0E178D97E8B0}.Debug|Any CPU.ActiveCfg = Debug|Any CPU
		{A27AAEFC-A63D-4D05-A96D-0E178D97E8B0}.Debug|Any CPU.Build.0 = Debug|Any CPU
		{A27AAEFC-A63D-4D05-A96D-0E178D97E8B0}.Release|Any CPU.ActiveCfg = Release|Any CPU
		{A27AAEFC-A63D-4D05-A96D-0E178D97E8B0}.Release|Any CPU.Build.0 = Release|Any CPU
		{205DAF4E-2D0E-4526-8FC9-84041377E995}.Debug|Any CPU.ActiveCfg = Debug|Any CPU
		{205DAF4E-2D0E-4526-8FC9-84041377E995}.Debug|Any CPU.Build.0 = Debug|Any CPU
		{205DAF4E-2D0E-4526-8FC9-84041377E995}.Release|Any CPU.ActiveCfg = Release|Any CPU
		{205DAF4E-2D0E-4526-8FC9-84041377E995}.Release|Any CPU.Build.0 = Release|Any CPU
	EndGlobalSection
	GlobalSection(SolutionProperties) = preSolution
		HideSolutionNode = FALSE
	EndGlobalSection
	GlobalSection(ExtensibilityGlobals) = postSolution
		SolutionGuid = {AB1408B3-D0A3-450E-B3DB-70BC6EF51F0A}
	EndGlobalSection
EndGlobal
